// !$*UTF8*$!
{
	archiveVersion = 1;
	classes = {
	};
	objectVersion = 46;
	objects = {

/* Begin PBXBuildFile section */
		70D6ED9A1F0EF106005A8BFD /* AppDelegate.swift in Sources */ = {isa = PBXBuildFile; fileRef = 70D6ED991F0EF106005A8BFD /* AppDelegate.swift */; };
		70D6ED9C1F0EF106005A8BFD /* ViewController.swift in Sources */ = {isa = PBXBuildFile; fileRef = 70D6ED9B1F0EF106005A8BFD /* ViewController.swift */; };
		70D6ED9F1F0EF106005A8BFD /* Main.storyboard in Resources */ = {isa = PBXBuildFile; fileRef = 70D6ED9D1F0EF106005A8BFD /* Main.storyboard */; };
		70D6EDA21F0EF106005A8BFD /* FightyDot.xcdatamodeld in Sources */ = {isa = PBXBuildFile; fileRef = 70D6EDA01F0EF106005A8BFD /* FightyDot.xcdatamodeld */; };
		70D6EDA41F0EF106005A8BFD /* Assets.xcassets in Resources */ = {isa = PBXBuildFile; fileRef = 70D6EDA31F0EF106005A8BFD /* Assets.xcassets */; };
		70D6EDA71F0EF106005A8BFD /* LaunchScreen.storyboard in Resources */ = {isa = PBXBuildFile; fileRef = 70D6EDA51F0EF106005A8BFD /* LaunchScreen.storyboard */; };
/* End PBXBuildFile section */

/* Begin PBXFileReference section */
		70D6ED961F0EF106005A8BFD /* FightyDot.app */ = {isa = PBXFileReference; explicitFileType = wrapper.application; includeInIndex = 0; path = FightyDot.app; sourceTree = BUILT_PRODUCTS_DIR; };
		70D6ED991F0EF106005A8BFD /* AppDelegate.swift */ = {isa = PBXFileReference; lastKnownFileType = sourcecode.swift; path = AppDelegate.swift; sourceTree = "<group>"; };
		70D6ED9B1F0EF106005A8BFD /* ViewController.swift */ = {isa = PBXFileReference; lastKnownFileType = sourcecode.swift; path = ViewController.swift; sourceTree = "<group>"; };
		70D6ED9E1F0EF106005A8BFD /* Base */ = {isa = PBXFileReference; lastKnownFileType = file.storyboard; name = Base; path = Base.lproj/Main.storyboard; sourceTree = "<group>"; };
		70D6EDA11F0EF106005A8BFD /* FightyDot.xcdatamodel */ = {isa = PBXFileReference; lastKnownFileType = wrapper.xcdatamodel; path = FightyDot.xcdatamodel; sourceTree = "<group>"; };
		70D6EDA31F0EF106005A8BFD /* Assets.xcassets */ = {isa = PBXFileReference; lastKnownFileType = folder.assetcatalog; path = Assets.xcassets; sourceTree = "<group>"; };
		70D6EDA61F0EF106005A8BFD /* Base */ = {isa = PBXFileReference; lastKnownFileType = file.storyboard; name = Base; path = Base.lproj/LaunchScreen.storyboard; sourceTree = "<group>"; };
		70D6EDA81F0EF106005A8BFD /* Info.plist */ = {isa = PBXFileReference; lastKnownFileType = text.plist.xml; path = Info.plist; sourceTree = "<group>"; };
/* End PBXFileReference section */

/* Begin PBXFrameworksBuildPhase section */
		70D6ED931F0EF106005A8BFD /* Frameworks */ = {
			isa = PBXFrameworksBuildPhase;
			buildActionMask = 2147483647;
			files = (
			);
			runOnlyForDeploymentPostprocessing = 0;
		};
/* End PBXFrameworksBuildPhase section */

/* Begin PBXGroup section */
		70D6ED8D1F0EF106005A8BFD = {
			isa = PBXGroup;
			children = (
				70D6ED981F0EF106005A8BFD /* FightyDot */,
				70D6ED971F0EF106005A8BFD /* Products */,
			);
			sourceTree = "<group>";
		};
		70D6ED971F0EF106005A8BFD /* Products */ = {
			isa = PBXGroup;
			children = (
				70D6ED961F0EF106005A8BFD /* FightyDot.app */,
			);
			name = Products;
			sourceTree = "<group>";
		};
		70D6ED981F0EF106005A8BFD /* FightyDot */ = {
			isa = PBXGroup;
			children = (
				70D6ED991F0EF106005A8BFD /* AppDelegate.swift */,
				70D6ED9B1F0EF106005A8BFD /* ViewController.swift */,
				70D6ED9D1F0EF106005A8BFD /* Main.storyboard */,
				70D6EDA31F0EF106005A8BFD /* Assets.xcassets */,
				70D6EDA51F0EF106005A8BFD /* LaunchScreen.storyboard */,
				70D6EDA81F0EF106005A8BFD /* Info.plist */,
				70D6EDA01F0EF106005A8BFD /* FightyDot.xcdatamodeld */,
			);
			path = FightyDot;
			sourceTree = "<group>";
		};
/* End PBXGroup section */

/* Begin PBXNativeTarget section */
		70D6ED951F0EF106005A8BFD /* FightyDot */ = {
			isa = PBXNativeTarget;
			buildConfigurationList = 70D6EDAB1F0EF106005A8BFD /* Build configuration list for PBXNativeTarget "FightyDot" */;
			buildPhases = (
				70D6ED921F0EF106005A8BFD /* Sources */,
				70D6ED931F0EF106005A8BFD /* Frameworks */,
				70D6ED941F0EF106005A8BFD /* Resources */,
			);
			buildRules = (
			);
			dependencies = (
			);
			name = FightyDot;
			productName = FightyDot;
			productReference = 70D6ED961F0EF106005A8BFD /* FightyDot.app */;
			productType = "com.apple.product-type.application";
		};
/* End PBXNativeTarget section */

/* Begin PBXProject section */
		70D6ED8E1F0EF106005A8BFD /* Project object */ = {
			isa = PBXProject;
			attributes = {
				LastSwiftUpdateCheck = 0830;
				LastUpgradeCheck = 0830;
				ORGANIZATIONNAME = "Graham McRobbie";
				TargetAttributes = {
					70D6ED951F0EF106005A8BFD = {
						CreatedOnToolsVersion = 8.3.3;
						DevelopmentTeam = TK556R5872;
						ProvisioningStyle = Automatic;
					};
				};
			};
			buildConfigurationList = 70D6ED911F0EF106005A8BFD /* Build configuration list for PBXProject "FightyDot" */;
			compatibilityVersion = "Xcode 3.2";
			developmentRegion = English;
			hasScannedForEncodings = 0;
			knownRegions = (
				en,
				Base,
			);
			mainGroup = 70D6ED8D1F0EF106005A8BFD;
			productRefGroup = 70D6ED971F0EF106005A8BFD /* Products */;
			projectDirPath = "";
			projectRoot = "";
			targets = (
				70D6ED951F0EF106005A8BFD /* FightyDot */,
			);
		};
/* End PBXProject section */

/* Begin PBXResourcesBuildPhase section */
		70D6ED941F0EF106005A8BFD /* Resources */ = {
			isa = PBXResourcesBuildPhase;
			buildActionMask = 2147483647;
			files = (
				70D6EDA71F0EF106005A8BFD /* LaunchScreen.storyboard in Resources */,
				70D6EDA41F0EF106005A8BFD /* Assets.xcassets in Resources */,
				70D6ED9F1F0EF106005A8BFD /* Main.storyboard in Resources */,
			);
			runOnlyForDeploymentPostprocessing = 0;
		};
/* End PBXResourcesBuildPhase section */

/* Begin PBXSourcesBuildPhase section */
		70D6ED921F0EF106005A8BFD /* Sources */ = {
			isa = PBXSourcesBuildPhase;
			buildActionMask = 2147483647;
			files = (
				70D6ED9C1F0EF106005A8BFD /* ViewController.swift in Sources */,
				70D6ED9A1F0EF106005A8BFD /* AppDelegate.swift in Sources */,
				70D6EDA21F0EF106005A8BFD /* FightyDot.xcdatamodeld in Sources */,
			);
			runOnlyForDeploymentPostprocessing = 0;
		};
/* End PBXSourcesBuildPhase section */

/* Begin PBXVariantGroup section */
		70D6ED9D1F0EF106005A8BFD /* Main.storyboard */ = {
			isa = PBXVariantGroup;
			children = (
				70D6ED9E1F0EF106005A8BFD /* Base */,
			);
			name = Main.storyboard;
			sourceTree = "<group>";
		};
		70D6EDA51F0EF106005A8BFD /* LaunchScreen.storyboard */ = {
			isa = PBXVariantGroup;
			children = (
				70D6EDA61F0EF106005A8BFD /* Base */,
			);
			name = LaunchScreen.storyboard;
			sourceTree = "<group>";
		};
/* End PBXVariantGroup section */

/* Begin XCBuildConfiguration section */
		70D6EDA91F0EF106005A8BFD /* Debug */ = {
			isa = XCBuildConfiguration;
			buildSettings = {
				ALWAYS_SEARCH_USER_PATHS = NO;
				CLANG_ANALYZER_NONNULL = YES;
				CLANG_ANALYZER_NUMBER_OBJECT_CONVERSION = YES_AGGRESSIVE;
				CLANG_CXX_LANGUAGE_STANDARD = "gnu++0x";
				CLANG_CXX_LIBRARY = "libc++";
				CLANG_ENABLE_MODULES = YES;
				CLANG_ENABLE_OBJC_ARC = YES;
				CLANG_WARN_BOOL_CONVERSION = YES;
				CLANG_WARN_CONSTANT_CONVERSION = YES;
				CLANG_WARN_DIRECT_OBJC_ISA_USAGE = YES_ERROR;
				CLANG_WARN_DOCUMENTATION_COMMENTS = YES;
				CLANG_WARN_EMPTY_BODY = YES;
				CLANG_WARN_ENUM_CONVERSION = YES;
				CLANG_WARN_INFINITE_RECURSION = YES;
				CLANG_WARN_INT_CONVERSION = YES;
				CLANG_WARN_OBJC_ROOT_CLASS = YES_ERROR;
				CLANG_WARN_SUSPICIOUS_MOVE = YES;
				CLANG_WARN_UNREACHABLE_CODE = YES;
				CLANG_WARN__DUPLICATE_METHOD_MATCH = YES;
				"CODE_SIGN_IDENTITY[sdk=iphoneos*]" = "iPhone Developer";
				COPY_PHASE_STRIP = NO;
				DEBUG_INFORMATION_FORMAT = dwarf;
				ENABLE_STRICT_OBJC_MSGSEND = YES;
				ENABLE_TESTABILITY = YES;
				GCC_C_LANGUAGE_STANDARD = gnu99;
				GCC_DYNAMIC_NO_PIC = NO;
				GCC_NO_COMMON_BLOCKS = YES;
				GCC_OPTIMIZATION_LEVEL = 0;
				GCC_PREPROCESSOR_DEFINITIONS = (
					"DEBUG=1",
					"$(inherited)",
				);
				GCC_WARN_64_TO_32_BIT_CONVERSION = YES;
				GCC_WARN_ABOUT_RETURN_TYPE = YES_ERROR;
				GCC_WARN_UNDECLARED_SELECTOR = YES;
				GCC_WARN_UNINITIALIZED_AUTOS = YES_AGGRESSIVE;
				GCC_WARN_UNUSED_FUNCTION = YES;
				GCC_WARN_UNUSED_VARIABLE = YES;
				IPHONEOS_DEPLOYMENT_TARGET = 10.3;
				MTL_ENABLE_DEBUG_INFO = YES;
				ONLY_ACTIVE_ARCH = YES;
				SDKROOT = iphoneos;
				SWIFT_ACTIVE_COMPILATION_CONDITIONS = DEBUG;
				SWIFT_OPTIMIZATION_LEVEL = "-Onone";
				TARGETED_DEVICE_FAMILY = "1,2";
			};
			name = Debug;
		};
		70D6EDAA1F0EF106005A8BFD /* Release */ = {
			isa = XCBuildConfiguration;
			buildSettings = {
				ALWAYS_SEARCH_USER_PATHS = NO;
				CLANG_ANALYZER_NONNULL = YES;
				CLANG_ANALYZER_NUMBER_OBJECT_CONVERSION = YES_AGGRESSIVE;
				CLANG_CXX_LANGUAGE_STANDARD = "gnu++0x";
				CLANG_CXX_LIBRARY = "libc++";
				CLANG_ENABLE_MODULES = YES;
				CLANG_ENABLE_OBJC_ARC = YES;
				CLANG_WARN_BOOL_CONVERSION = YES;
				CLANG_WARN_CONSTANT_CONVERSION = YES;
				CLANG_WARN_DIRECT_OBJC_ISA_USAGE = YES_ERROR;
				CLANG_WARN_DOCUMENTATION_COMMENTS = YES;
				CLANG_WARN_EMPTY_BODY = YES;
				CLANG_WARN_ENUM_CONVERSION = YES;
				CLANG_WARN_INFINITE_RECURSION = YES;
				CLANG_WARN_INT_CONVERSION = YES;
				CLANG_WARN_OBJC_ROOT_CLASS = YES_ERROR;
				CLANG_WARN_SUSPICIOUS_MOVE = YES;
				CLANG_WARN_UNREACHABLE_CODE = YES;
				CLANG_WARN__DUPLICATE_METHOD_MATCH = YES;
				"CODE_SIGN_IDENTITY[sdk=iphoneos*]" = "iPhone Developer";
				COPY_PHASE_STRIP = NO;
				DEBUG_INFORMATION_FORMAT = "dwarf-with-dsym";
				ENABLE_NS_ASSERTIONS = NO;
				ENABLE_STRICT_OBJC_MSGSEND = YES;
				GCC_C_LANGUAGE_STANDARD = gnu99;
				GCC_NO_COMMON_BLOCKS = YES;
				GCC_WARN_64_TO_32_BIT_CONVERSION = YES;
				GCC_WARN_ABOUT_RETURN_TYPE = YES_ERROR;
				GCC_WARN_UNDECLARED_SELECTOR = YES;
				GCC_WARN_UNINITIALIZED_AUTOS = YES_AGGRESSIVE;
				GCC_WARN_UNUSED_FUNCTION = YES;
				GCC_WARN_UNUSED_VARIABLE = YES;
				IPHONEOS_DEPLOYMENT_TARGET = 10.3;
				MTL_ENABLE_DEBUG_INFO = NO;
				SDKROOT = iphoneos;
				SWIFT_OPTIMIZATION_LEVEL = "-Owholemodule";
				TARGETED_DEVICE_FAMILY = "1,2";
				VALIDATE_PRODUCT = YES;
			};
			name = Release;
		};
		70D6EDAC1F0EF106005A8BFD /* Debug */ = {
			isa = XCBuildConfiguration;
			buildSettings = {
				ASSETCATALOG_COMPILER_APPICON_NAME = AppIcon;
				DEVELOPMENT_TEAM = TK556R5872;
				INFOPLIST_FILE = FightyDot/Info.plist;
				LD_RUNPATH_SEARCH_PATHS = "$(inherited) @executable_path/Frameworks";
				PRODUCT_BUNDLE_IDENTIFIER = com.pekoto.FightyDot;
				PRODUCT_NAME = "$(TARGET_NAME)";
				SWIFT_VERSION = 3.0;
			};
			name = Debug;
		};
		70D6EDAD1F0EF106005A8BFD /* Release */ = {
			isa = XCBuildConfiguration;
			buildSettings = {
				ASSETCATALOG_COMPILER_APPICON_NAME = AppIcon;
				DEVELOPMENT_TEAM = TK556R5872;
				INFOPLIST_FILE = FightyDot/Info.plist;
				LD_RUNPATH_SEARCH_PATHS = "$(inherited) @executable_path/Frameworks";
				PRODUCT_BUNDLE_IDENTIFIER = com.pekoto.FightyDot;
				PRODUCT_NAME = "$(TARGET_NAME)";
				SWIFT_VERSION = 3.0;
			};
			name = Release;
		};
/* End XCBuildConfiguration section */

/* Begin XCConfigurationList section */
		70D6ED911F0EF106005A8BFD /* Build configuration list for PBXProject "FightyDot" */ = {
			isa = XCConfigurationList;
			buildConfigurations = (
				70D6EDA91F0EF106005A8BFD /* Debug */,
				70D6EDAA1F0EF106005A8BFD /* Release */,
			);
			defaultConfigurationIsVisible = 0;
			defaultConfigurationName = Release;
		};
		70D6EDAB1F0EF106005A8BFD /* Build configuration list for PBXNativeTarget "FightyDot" */ = {
			isa = XCConfigurationList;
			buildConfigurations = (
				70D6EDAC1F0EF106005A8BFD /* Debug */,
				70D6EDAD1F0EF106005A8BFD /* Release */,
			);
			defaultConfigurationIsVisible = 0;
		};
/* End XCConfigurationList section */

/* Begin XCVersionGroup section */
		70D6EDA01F0EF106005A8BFD /* FightyDot.xcdatamodeld */ = {
			isa = XCVersionGroup;
			children = (
				70D6EDA11F0EF106005A8BFD /* FightyDot.xcdatamodel */,
			);
			currentVersion = 70D6EDA11F0EF106005A8BFD /* FightyDot.xcdatamodel */;
			path = FightyDot.xcdatamodeld;
			sourceTree = "<group>";
			versionGroupType = wrapper.xcdatamodel;
		};
/* End XCVersionGroup section */
	};
	rootObject = 70D6ED8E1F0EF106005A8BFD /* Project object */;
}
