// !$*UTF8*$!
{
	archiveVersion = 1;
	classes = {
	};
	objectVersion = 46;
	objects = {

/* Begin PBXBuildFile section */
		70005D431F19B68000FB1DDF /* HeuristicWeights.swift in Sources */ = {isa = PBXBuildFile; fileRef = 70005D421F19B68000FB1DDF /* HeuristicWeights.swift */; };
		70005D4B1F19FA0100FB1DDF /* PlayerTests.swift in Sources */ = {isa = PBXBuildFile; fileRef = 70005D4A1F19FA0100FB1DDF /* PlayerTests.swift */; };
		70005D531F1A064B00FB1DDF /* BoardTests.swift in Sources */ = {isa = PBXBuildFile; fileRef = 70005D521F1A064B00FB1DDF /* BoardTests.swift */; };
		701AF5511F109E6300F15A50 /* AlertVC.swift in Sources */ = {isa = PBXBuildFile; fileRef = 701AF54D1F109E6300F15A50 /* AlertVC.swift */; };
		701AF5521F109E6300F15A50 /* GameVC.swift in Sources */ = {isa = PBXBuildFile; fileRef = 701AF54E1F109E6300F15A50 /* GameVC.swift */; };
		701AF5531F109E6300F15A50 /* HelpVC.swift in Sources */ = {isa = PBXBuildFile; fileRef = 701AF54F1F109E6300F15A50 /* HelpVC.swift */; };
		701AF5541F109E6300F15A50 /* MainTabBarVC.swift in Sources */ = {isa = PBXBuildFile; fileRef = 701AF5501F109E6300F15A50 /* MainTabBarVC.swift */; };
		701AF5561F109E7200F15A50 /* Engine.swift in Sources */ = {isa = PBXBuildFile; fileRef = 701AF5551F109E7200F15A50 /* Engine.swift */; };
		701AF55C1F109E8000F15A50 /* Board.swift in Sources */ = {isa = PBXBuildFile; fileRef = 701AF5571F109E8000F15A50 /* Board.swift */; };
		701AF55D1F109E8000F15A50 /* Mill.swift in Sources */ = {isa = PBXBuildFile; fileRef = 701AF5581F109E8000F15A50 /* Mill.swift */; };
		701AF55E1F109E8000F15A50 /* Node.swift in Sources */ = {isa = PBXBuildFile; fileRef = 701AF5591F109E8000F15A50 /* Node.swift */; };
		701AF55F1F109E8000F15A50 /* Player.swift in Sources */ = {isa = PBXBuildFile; fileRef = 701AF55A1F109E8000F15A50 /* Player.swift */; };
		701AF5601F109E8000F15A50 /* AIPlayer.swift in Sources */ = {isa = PBXBuildFile; fileRef = 701AF55B1F109E8000F15A50 /* AIPlayer.swift */; };
		701AF5631F109E8A00F15A50 /* EngineDelegate.swift in Sources */ = {isa = PBXBuildFile; fileRef = 701AF5611F109E8A00F15A50 /* EngineDelegate.swift */; };
		701AF5641F109E8A00F15A50 /* PlayerDelegate.swift in Sources */ = {isa = PBXBuildFile; fileRef = 701AF5621F109E8A00F15A50 /* PlayerDelegate.swift */; };
		701AF56C1F109EA400F15A50 /* start-game.wav in Resources */ = {isa = PBXBuildFile; fileRef = 701AF5651F109EA400F15A50 /* start-game.wav */; };
		701AF56D1F109EA400F15A50 /* place-piece.wav in Resources */ = {isa = PBXBuildFile; fileRef = 701AF5661F109EA400F15A50 /* place-piece.wav */; };
		701AF56E1F109EA400F15A50 /* lose-piece.wav in Resources */ = {isa = PBXBuildFile; fileRef = 701AF5671F109EA400F15A50 /* lose-piece.wav */; };
		701AF56F1F109EA400F15A50 /* mill-formed.wav in Resources */ = {isa = PBXBuildFile; fileRef = 701AF5681F109EA400F15A50 /* mill-formed.wav */; };
		701AF5701F109EA400F15A50 /* drag-start.wav in Resources */ = {isa = PBXBuildFile; fileRef = 701AF5691F109EA400F15A50 /* drag-start.wav */; };
		701AF5711F109EA400F15A50 /* drag-cancel.wav in Resources */ = {isa = PBXBuildFile; fileRef = 701AF56A1F109EA400F15A50 /* drag-cancel.wav */; };
		701AF5721F109EA400F15A50 /* game-over.wav in Resources */ = {isa = PBXBuildFile; fileRef = 701AF56B1F109EA400F15A50 /* game-over.wav */; };
		701AF57D1F109FE400F15A50 /* Animations.swift in Sources */ = {isa = PBXBuildFile; fileRef = 701AF5761F109FE400F15A50 /* Animations.swift */; };
		701AF57E1F109FE400F15A50 /* AudioPlayer.swift in Sources */ = {isa = PBXBuildFile; fileRef = 701AF5771F109FE400F15A50 /* AudioPlayer.swift */; };
		701AF57F1F109FE400F15A50 /* Constants.swift in Sources */ = {isa = PBXBuildFile; fileRef = 701AF5781F109FE400F15A50 /* Constants.swift */; };
		701AF5801F109FE400F15A50 /* Enums.swift in Sources */ = {isa = PBXBuildFile; fileRef = 701AF5791F109FE400F15A50 /* Enums.swift */; };
		701AF5811F109FE400F15A50 /* Errors.swift in Sources */ = {isa = PBXBuildFile; fileRef = 701AF57A1F109FE400F15A50 /* Errors.swift */; };
		701AF5821F109FE400F15A50 /* Extensions.swift in Sources */ = {isa = PBXBuildFile; fileRef = 701AF57B1F109FE400F15A50 /* Extensions.swift */; };
		701AF5831F109FE400F15A50 /* Unowned.swift in Sources */ = {isa = PBXBuildFile; fileRef = 701AF57C1F109FE400F15A50 /* Unowned.swift */; };
		701AF5861F109FF500F15A50 /* RoundedShadowView.swift in Sources */ = {isa = PBXBuildFile; fileRef = 701AF5841F109FF500F15A50 /* RoundedShadowView.swift */; };
		701AF5871F109FF500F15A50 /* SkyBlueGradientView.swift in Sources */ = {isa = PBXBuildFile; fileRef = 701AF5851F109FF500F15A50 /* SkyBlueGradientView.swift */; };
		701AF58B1F109FFD00F15A50 /* PlayerView.swift in Sources */ = {isa = PBXBuildFile; fileRef = 701AF5881F109FFD00F15A50 /* PlayerView.swift */; };
		701AF58C1F109FFD00F15A50 /* MillView.swift in Sources */ = {isa = PBXBuildFile; fileRef = 701AF5891F109FFD00F15A50 /* MillView.swift */; };
		701AF58D1F109FFD00F15A50 /* NodeImageView.swift in Sources */ = {isa = PBXBuildFile; fileRef = 701AF58A1F109FFD00F15A50 /* NodeImageView.swift */; };
		701AF58F1F10A5B700F15A50 /* LaunchScreen.storyboard in Resources */ = {isa = PBXBuildFile; fileRef = 701AF58E1F10A5B700F15A50 /* LaunchScreen.storyboard */; };
		701AF5911F10A5CA00F15A50 /* Main.storyboard in Resources */ = {isa = PBXBuildFile; fileRef = 701AF5901F10A5CA00F15A50 /* Main.storyboard */; };
		701AF5921F10A6C700F15A50 /* Lato-Bold.ttf in Resources */ = {isa = PBXBuildFile; fileRef = 701AF5731F109ED600F15A50 /* Lato-Bold.ttf */; };
		701AF5931F10A6C900F15A50 /* Lato-Light.ttf in Resources */ = {isa = PBXBuildFile; fileRef = 701AF5741F109ED600F15A50 /* Lato-Light.ttf */; };
		701AF5941F10A6CC00F15A50 /* Lato-Regular.ttf in Resources */ = {isa = PBXBuildFile; fileRef = 701AF5751F109ED600F15A50 /* Lato-Regular.ttf */; };
		701AF5961F10AD3B00F15A50 /* GoogleService-Info.plist in Resources */ = {isa = PBXBuildFile; fileRef = 701AF5951F10AD3B00F15A50 /* GoogleService-Info.plist */; };
		703368F71F26134D00F23DDD /* ScoredMove.swift in Sources */ = {isa = PBXBuildFile; fileRef = 703368F61F26134D00F23DDD /* ScoredMove.swift */; };
		70680B1D1F1645440078342B /* Move.swift in Sources */ = {isa = PBXBuildFile; fileRef = 70680B1C1F1645440078342B /* Move.swift */; };
		708056D11F247FFC0016A3C5 /* MiniMax.swift in Sources */ = {isa = PBXBuildFile; fileRef = 708056D01F247FFC0016A3C5 /* MiniMax.swift */; };
		709E155C1F2A17E500501176 /* TreeNode.swift in Sources */ = {isa = PBXBuildFile; fileRef = 709E155B1F2A17E500501176 /* TreeNode.swift */; };
		70CD2EF11F14F1ED00F7B14E /* GameSnapshot.swift in Sources */ = {isa = PBXBuildFile; fileRef = 70CD2EF01F14F1ED00F7B14E /* GameSnapshot.swift */; };
		70D6ED9A1F0EF106005A8BFD /* AppDelegate.swift in Sources */ = {isa = PBXBuildFile; fileRef = 70D6ED991F0EF106005A8BFD /* AppDelegate.swift */; };
		70D6EDA41F0EF106005A8BFD /* Assets.xcassets in Resources */ = {isa = PBXBuildFile; fileRef = 70D6EDA31F0EF106005A8BFD /* Assets.xcassets */; };
		70DE08A21F23208100DC3ABE /* GameSnapshotTests.swift in Sources */ = {isa = PBXBuildFile; fileRef = 70DE08A11F23208100DC3ABE /* GameSnapshotTests.swift */; };
		70ED71AE1F276553000A4AC2 /* CalculateMoveProtocol.swift in Sources */ = {isa = PBXBuildFile; fileRef = 70ED71AD1F276553000A4AC2 /* CalculateMoveProtocol.swift */; };
		99F0949C9BD4CA17B86AF2E5 /* Pods_FightyDot.framework in Frameworks */ = {isa = PBXBuildFile; fileRef = 47034AB99EC0E8045B98C0A0 /* Pods_FightyDot.framework */; };
		D9A2B8CA08D9536980A49BAC /* Pods_FightyDotTests.framework in Frameworks */ = {isa = PBXBuildFile; fileRef = 4F921B4E70188E5E25A24F80 /* Pods_FightyDotTests.framework */; };
/* End PBXBuildFile section */

/* Begin PBXContainerItemProxy section */
		70005D4D1F19FA0100FB1DDF /* PBXContainerItemProxy */ = {
			isa = PBXContainerItemProxy;
			containerPortal = 70D6ED8E1F0EF106005A8BFD /* Project object */;
			proxyType = 1;
			remoteGlobalIDString = 70D6ED951F0EF106005A8BFD;
			remoteInfo = FightyDot;
		};
/* End PBXContainerItemProxy section */

/* Begin PBXFileReference section */
		31B57204E1D9191E48E28947 /* Pods-FightyDotTests.release.xcconfig */ = {isa = PBXFileReference; includeInIndex = 1; lastKnownFileType = text.xcconfig; name = "Pods-FightyDotTests.release.xcconfig"; path = "Pods/Target Support Files/Pods-FightyDotTests/Pods-FightyDotTests.release.xcconfig"; sourceTree = "<group>"; };
		47034AB99EC0E8045B98C0A0 /* Pods_FightyDot.framework */ = {isa = PBXFileReference; explicitFileType = wrapper.framework; includeInIndex = 0; path = Pods_FightyDot.framework; sourceTree = BUILT_PRODUCTS_DIR; };
		4F921B4E70188E5E25A24F80 /* Pods_FightyDotTests.framework */ = {isa = PBXFileReference; explicitFileType = wrapper.framework; includeInIndex = 0; path = Pods_FightyDotTests.framework; sourceTree = BUILT_PRODUCTS_DIR; };
		70005D421F19B68000FB1DDF /* HeuristicWeights.swift */ = {isa = PBXFileReference; fileEncoding = 4; lastKnownFileType = sourcecode.swift; path = HeuristicWeights.swift; sourceTree = "<group>"; };
		70005D481F19FA0000FB1DDF /* FightyDotTests.xctest */ = {isa = PBXFileReference; explicitFileType = wrapper.cfbundle; includeInIndex = 0; path = FightyDotTests.xctest; sourceTree = BUILT_PRODUCTS_DIR; };
		70005D4A1F19FA0100FB1DDF /* PlayerTests.swift */ = {isa = PBXFileReference; lastKnownFileType = sourcecode.swift; path = PlayerTests.swift; sourceTree = "<group>"; };
		70005D4C1F19FA0100FB1DDF /* Info.plist */ = {isa = PBXFileReference; lastKnownFileType = text.plist.xml; path = Info.plist; sourceTree = "<group>"; };
		70005D521F1A064B00FB1DDF /* BoardTests.swift */ = {isa = PBXFileReference; fileEncoding = 4; lastKnownFileType = sourcecode.swift; path = BoardTests.swift; sourceTree = "<group>"; };
		701AF54D1F109E6300F15A50 /* AlertVC.swift */ = {isa = PBXFileReference; fileEncoding = 4; lastKnownFileType = sourcecode.swift; path = AlertVC.swift; sourceTree = "<group>"; };
		701AF54E1F109E6300F15A50 /* GameVC.swift */ = {isa = PBXFileReference; fileEncoding = 4; lastKnownFileType = sourcecode.swift; path = GameVC.swift; sourceTree = "<group>"; };
		701AF54F1F109E6300F15A50 /* HelpVC.swift */ = {isa = PBXFileReference; fileEncoding = 4; lastKnownFileType = sourcecode.swift; path = HelpVC.swift; sourceTree = "<group>"; };
		701AF5501F109E6300F15A50 /* MainTabBarVC.swift */ = {isa = PBXFileReference; fileEncoding = 4; lastKnownFileType = sourcecode.swift; path = MainTabBarVC.swift; sourceTree = "<group>"; };
		701AF5551F109E7200F15A50 /* Engine.swift */ = {isa = PBXFileReference; fileEncoding = 4; lastKnownFileType = sourcecode.swift; path = Engine.swift; sourceTree = "<group>"; };
		701AF5571F109E8000F15A50 /* Board.swift */ = {isa = PBXFileReference; fileEncoding = 4; lastKnownFileType = sourcecode.swift; path = Board.swift; sourceTree = "<group>"; };
		701AF5581F109E8000F15A50 /* Mill.swift */ = {isa = PBXFileReference; fileEncoding = 4; lastKnownFileType = sourcecode.swift; path = Mill.swift; sourceTree = "<group>"; };
		701AF5591F109E8000F15A50 /* Node.swift */ = {isa = PBXFileReference; fileEncoding = 4; lastKnownFileType = sourcecode.swift; path = Node.swift; sourceTree = "<group>"; };
		701AF55A1F109E8000F15A50 /* Player.swift */ = {isa = PBXFileReference; fileEncoding = 4; lastKnownFileType = sourcecode.swift; path = Player.swift; sourceTree = "<group>"; };
		701AF55B1F109E8000F15A50 /* AIPlayer.swift */ = {isa = PBXFileReference; fileEncoding = 4; lastKnownFileType = sourcecode.swift; path = AIPlayer.swift; sourceTree = "<group>"; };
		701AF5611F109E8A00F15A50 /* EngineDelegate.swift */ = {isa = PBXFileReference; fileEncoding = 4; lastKnownFileType = sourcecode.swift; path = EngineDelegate.swift; sourceTree = "<group>"; };
		701AF5621F109E8A00F15A50 /* PlayerDelegate.swift */ = {isa = PBXFileReference; fileEncoding = 4; lastKnownFileType = sourcecode.swift; path = PlayerDelegate.swift; sourceTree = "<group>"; };
		701AF5651F109EA400F15A50 /* start-game.wav */ = {isa = PBXFileReference; lastKnownFileType = audio.wav; path = "start-game.wav"; sourceTree = "<group>"; };
		701AF5661F109EA400F15A50 /* place-piece.wav */ = {isa = PBXFileReference; lastKnownFileType = audio.wav; path = "place-piece.wav"; sourceTree = "<group>"; };
		701AF5671F109EA400F15A50 /* lose-piece.wav */ = {isa = PBXFileReference; lastKnownFileType = audio.wav; path = "lose-piece.wav"; sourceTree = "<group>"; };
		701AF5681F109EA400F15A50 /* mill-formed.wav */ = {isa = PBXFileReference; lastKnownFileType = audio.wav; path = "mill-formed.wav"; sourceTree = "<group>"; };
		701AF5691F109EA400F15A50 /* drag-start.wav */ = {isa = PBXFileReference; lastKnownFileType = audio.wav; path = "drag-start.wav"; sourceTree = "<group>"; };
		701AF56A1F109EA400F15A50 /* drag-cancel.wav */ = {isa = PBXFileReference; lastKnownFileType = audio.wav; path = "drag-cancel.wav"; sourceTree = "<group>"; };
		701AF56B1F109EA400F15A50 /* game-over.wav */ = {isa = PBXFileReference; lastKnownFileType = audio.wav; path = "game-over.wav"; sourceTree = "<group>"; };
		701AF5731F109ED600F15A50 /* Lato-Bold.ttf */ = {isa = PBXFileReference; lastKnownFileType = file; path = "Lato-Bold.ttf"; sourceTree = "<group>"; };
		701AF5741F109ED600F15A50 /* Lato-Light.ttf */ = {isa = PBXFileReference; lastKnownFileType = file; path = "Lato-Light.ttf"; sourceTree = "<group>"; };
		701AF5751F109ED600F15A50 /* Lato-Regular.ttf */ = {isa = PBXFileReference; lastKnownFileType = file; path = "Lato-Regular.ttf"; sourceTree = "<group>"; };
		701AF5761F109FE400F15A50 /* Animations.swift */ = {isa = PBXFileReference; fileEncoding = 4; lastKnownFileType = sourcecode.swift; path = Animations.swift; sourceTree = "<group>"; };
		701AF5771F109FE400F15A50 /* AudioPlayer.swift */ = {isa = PBXFileReference; fileEncoding = 4; lastKnownFileType = sourcecode.swift; path = AudioPlayer.swift; sourceTree = "<group>"; };
		701AF5781F109FE400F15A50 /* Constants.swift */ = {isa = PBXFileReference; fileEncoding = 4; lastKnownFileType = sourcecode.swift; path = Constants.swift; sourceTree = "<group>"; };
		701AF5791F109FE400F15A50 /* Enums.swift */ = {isa = PBXFileReference; fileEncoding = 4; lastKnownFileType = sourcecode.swift; path = Enums.swift; sourceTree = "<group>"; };
		701AF57A1F109FE400F15A50 /* Errors.swift */ = {isa = PBXFileReference; fileEncoding = 4; lastKnownFileType = sourcecode.swift; path = Errors.swift; sourceTree = "<group>"; };
		701AF57B1F109FE400F15A50 /* Extensions.swift */ = {isa = PBXFileReference; fileEncoding = 4; lastKnownFileType = sourcecode.swift; path = Extensions.swift; sourceTree = "<group>"; };
		701AF57C1F109FE400F15A50 /* Unowned.swift */ = {isa = PBXFileReference; fileEncoding = 4; lastKnownFileType = sourcecode.swift; path = Unowned.swift; sourceTree = "<group>"; };
		701AF5841F109FF500F15A50 /* RoundedShadowView.swift */ = {isa = PBXFileReference; fileEncoding = 4; lastKnownFileType = sourcecode.swift; path = RoundedShadowView.swift; sourceTree = "<group>"; };
		701AF5851F109FF500F15A50 /* SkyBlueGradientView.swift */ = {isa = PBXFileReference; fileEncoding = 4; lastKnownFileType = sourcecode.swift; path = SkyBlueGradientView.swift; sourceTree = "<group>"; };
		701AF5881F109FFD00F15A50 /* PlayerView.swift */ = {isa = PBXFileReference; fileEncoding = 4; lastKnownFileType = sourcecode.swift; path = PlayerView.swift; sourceTree = "<group>"; };
		701AF5891F109FFD00F15A50 /* MillView.swift */ = {isa = PBXFileReference; fileEncoding = 4; lastKnownFileType = sourcecode.swift; path = MillView.swift; sourceTree = "<group>"; };
		701AF58A1F109FFD00F15A50 /* NodeImageView.swift */ = {isa = PBXFileReference; fileEncoding = 4; lastKnownFileType = sourcecode.swift; path = NodeImageView.swift; sourceTree = "<group>"; };
		701AF58E1F10A5B700F15A50 /* LaunchScreen.storyboard */ = {isa = PBXFileReference; fileEncoding = 4; lastKnownFileType = file.storyboard; path = LaunchScreen.storyboard; sourceTree = "<group>"; };
		701AF5901F10A5CA00F15A50 /* Main.storyboard */ = {isa = PBXFileReference; fileEncoding = 4; lastKnownFileType = file.storyboard; path = Main.storyboard; sourceTree = "<group>"; };
		701AF5951F10AD3B00F15A50 /* GoogleService-Info.plist */ = {isa = PBXFileReference; fileEncoding = 4; lastKnownFileType = text.plist.xml; path = "GoogleService-Info.plist"; sourceTree = "<group>"; };
		703368F61F26134D00F23DDD /* ScoredMove.swift */ = {isa = PBXFileReference; fileEncoding = 4; lastKnownFileType = sourcecode.swift; path = ScoredMove.swift; sourceTree = "<group>"; };
		70680B1C1F1645440078342B /* Move.swift */ = {isa = PBXFileReference; fileEncoding = 4; lastKnownFileType = sourcecode.swift; path = Move.swift; sourceTree = "<group>"; };
		708056D01F247FFC0016A3C5 /* MiniMax.swift */ = {isa = PBXFileReference; fileEncoding = 4; lastKnownFileType = sourcecode.swift; path = MiniMax.swift; sourceTree = "<group>"; };
		709E155B1F2A17E500501176 /* TreeNode.swift */ = {isa = PBXFileReference; fileEncoding = 4; lastKnownFileType = sourcecode.swift; path = TreeNode.swift; sourceTree = "<group>"; };
		70CD2EF01F14F1ED00F7B14E /* GameSnapshot.swift */ = {isa = PBXFileReference; fileEncoding = 4; lastKnownFileType = sourcecode.swift; path = GameSnapshot.swift; sourceTree = "<group>"; };
		70D6ED961F0EF106005A8BFD /* FightyDot.app */ = {isa = PBXFileReference; explicitFileType = wrapper.application; includeInIndex = 0; path = FightyDot.app; sourceTree = BUILT_PRODUCTS_DIR; };
		70D6ED991F0EF106005A8BFD /* AppDelegate.swift */ = {isa = PBXFileReference; lastKnownFileType = sourcecode.swift; path = AppDelegate.swift; sourceTree = "<group>"; };
		70D6EDA31F0EF106005A8BFD /* Assets.xcassets */ = {isa = PBXFileReference; lastKnownFileType = folder.assetcatalog; path = Assets.xcassets; sourceTree = "<group>"; };
		70D6EDA81F0EF106005A8BFD /* Info.plist */ = {isa = PBXFileReference; lastKnownFileType = text.plist.xml; path = Info.plist; sourceTree = "<group>"; };
		70DE08A11F23208100DC3ABE /* GameSnapshotTests.swift */ = {isa = PBXFileReference; fileEncoding = 4; lastKnownFileType = sourcecode.swift; path = GameSnapshotTests.swift; sourceTree = "<group>"; };
		70ED71AD1F276553000A4AC2 /* CalculateMoveProtocol.swift */ = {isa = PBXFileReference; fileEncoding = 4; lastKnownFileType = sourcecode.swift; path = CalculateMoveProtocol.swift; sourceTree = "<group>"; };
		84518D9BFFDEB5CB9387AA03 /* Pods-FightyDot.debug.xcconfig */ = {isa = PBXFileReference; includeInIndex = 1; lastKnownFileType = text.xcconfig; name = "Pods-FightyDot.debug.xcconfig"; path = "Pods/Target Support Files/Pods-FightyDot/Pods-FightyDot.debug.xcconfig"; sourceTree = "<group>"; };
		B648CD8975C30B139822B58E /* Pods-FightyDot.release.xcconfig */ = {isa = PBXFileReference; includeInIndex = 1; lastKnownFileType = text.xcconfig; name = "Pods-FightyDot.release.xcconfig"; path = "Pods/Target Support Files/Pods-FightyDot/Pods-FightyDot.release.xcconfig"; sourceTree = "<group>"; };
		FD16A49FE8626887A0B2E8ED /* Pods-FightyDotTests.debug.xcconfig */ = {isa = PBXFileReference; includeInIndex = 1; lastKnownFileType = text.xcconfig; name = "Pods-FightyDotTests.debug.xcconfig"; path = "Pods/Target Support Files/Pods-FightyDotTests/Pods-FightyDotTests.debug.xcconfig"; sourceTree = "<group>"; };
/* End PBXFileReference section */

/* Begin PBXFrameworksBuildPhase section */
		70005D451F19FA0000FB1DDF /* Frameworks */ = {
			isa = PBXFrameworksBuildPhase;
			buildActionMask = 2147483647;
			files = (
				D9A2B8CA08D9536980A49BAC /* Pods_FightyDotTests.framework in Frameworks */,
			);
			runOnlyForDeploymentPostprocessing = 0;
		};
		70D6ED931F0EF106005A8BFD /* Frameworks */ = {
			isa = PBXFrameworksBuildPhase;
			buildActionMask = 2147483647;
			files = (
				99F0949C9BD4CA17B86AF2E5 /* Pods_FightyDot.framework in Frameworks */,
			);
			runOnlyForDeploymentPostprocessing = 0;
		};
/* End PBXFrameworksBuildPhase section */

/* Begin PBXGroup section */
		12B12E5F49A1314039DD99ED /* Pods */ = {
			isa = PBXGroup;
			children = (
				84518D9BFFDEB5CB9387AA03 /* Pods-FightyDot.debug.xcconfig */,
				B648CD8975C30B139822B58E /* Pods-FightyDot.release.xcconfig */,
				FD16A49FE8626887A0B2E8ED /* Pods-FightyDotTests.debug.xcconfig */,
				31B57204E1D9191E48E28947 /* Pods-FightyDotTests.release.xcconfig */,
			);
			name = Pods;
			sourceTree = "<group>";
		};
		50678507DE62AD9FC04FC6F7 /* Frameworks */ = {
			isa = PBXGroup;
			children = (
				47034AB99EC0E8045B98C0A0 /* Pods_FightyDot.framework */,
				4F921B4E70188E5E25A24F80 /* Pods_FightyDotTests.framework */,
			);
			name = Frameworks;
			sourceTree = "<group>";
		};
		70005D491F19FA0100FB1DDF /* FightyDotTests */ = {
			isa = PBXGroup;
			children = (
				70005D521F1A064B00FB1DDF /* BoardTests.swift */,
				70DE08A11F23208100DC3ABE /* GameSnapshotTests.swift */,
				70005D4A1F19FA0100FB1DDF /* PlayerTests.swift */,
				70005D4C1F19FA0100FB1DDF /* Info.plist */,
			);
			path = FightyDotTests;
			sourceTree = "<group>";
		};
		70CD2EEF1F14F1CE00F7B14E /* AI */ = {
			isa = PBXGroup;
			children = (
				70CD2EF01F14F1ED00F7B14E /* GameSnapshot.swift */,
				708056D01F247FFC0016A3C5 /* MiniMax.swift */,
				70680B1C1F1645440078342B /* Move.swift */,
				703368F61F26134D00F23DDD /* ScoredMove.swift */,
				709E155B1F2A17E500501176 /* TreeNode.swift */,
			);
			name = AI;
			sourceTree = "<group>";
		};
		70D6ED8D1F0EF106005A8BFD = {
			isa = PBXGroup;
			children = (
				70D6ED981F0EF106005A8BFD /* FightyDot */,
				70005D491F19FA0100FB1DDF /* FightyDotTests */,
				70D6ED971F0EF106005A8BFD /* Products */,
				12B12E5F49A1314039DD99ED /* Pods */,
				50678507DE62AD9FC04FC6F7 /* Frameworks */,
			);
			sourceTree = "<group>";
		};
		70D6ED971F0EF106005A8BFD /* Products */ = {
			isa = PBXGroup;
			children = (
				70D6ED961F0EF106005A8BFD /* FightyDot.app */,
				70005D481F19FA0000FB1DDF /* FightyDotTests.xctest */,
			);
			name = Products;
			sourceTree = "<group>";
		};
		70D6ED981F0EF106005A8BFD /* FightyDot */ = {
			isa = PBXGroup;
			children = (
				70CD2EEF1F14F1CE00F7B14E /* AI */,
				70D6EDAE1F0EF39F005A8BFD /* Controller */,
				70D6EDAF1F0EF3B0005A8BFD /* Engine */,
				70D6EDB01F0EF3CA005A8BFD /* Model */,
				70D6EDB21F0EF3DE005A8BFD /* Protocols */,
				70D6EDB31F0EF3ED005A8BFD /* Resources */,
				70D6EDB41F0EF3F7005A8BFD /* Util */,
				70D6EDB11F0EF3D4005A8BFD /* View */,
				70D6ED991F0EF106005A8BFD /* AppDelegate.swift */,
				70D6EDA31F0EF106005A8BFD /* Assets.xcassets */,
				70D6EDA81F0EF106005A8BFD /* Info.plist */,
				701AF5951F10AD3B00F15A50 /* GoogleService-Info.plist */,
			);
			path = FightyDot;
			sourceTree = "<group>";
		};
		70D6EDAE1F0EF39F005A8BFD /* Controller */ = {
			isa = PBXGroup;
			children = (
				701AF54D1F109E6300F15A50 /* AlertVC.swift */,
				701AF54E1F109E6300F15A50 /* GameVC.swift */,
				701AF54F1F109E6300F15A50 /* HelpVC.swift */,
				701AF5501F109E6300F15A50 /* MainTabBarVC.swift */,
			);
			name = Controller;
			sourceTree = "<group>";
		};
		70D6EDAF1F0EF3B0005A8BFD /* Engine */ = {
			isa = PBXGroup;
			children = (
				701AF5551F109E7200F15A50 /* Engine.swift */,
			);
			name = Engine;
			sourceTree = "<group>";
		};
		70D6EDB01F0EF3CA005A8BFD /* Model */ = {
			isa = PBXGroup;
			children = (
				701AF55B1F109E8000F15A50 /* AIPlayer.swift */,
				701AF5571F109E8000F15A50 /* Board.swift */,
				701AF5581F109E8000F15A50 /* Mill.swift */,
				701AF5591F109E8000F15A50 /* Node.swift */,
				701AF55A1F109E8000F15A50 /* Player.swift */,
			);
			name = Model;
			sourceTree = "<group>";
		};
		70D6EDB11F0EF3D4005A8BFD /* View */ = {
			isa = PBXGroup;
			children = (
				70D6EDB81F0EF484005A8BFD /* CustomUI */,
				70D6EDB71F0EF474005A8BFD /* ModelViews */,
				70D6EDB91F0EF490005A8BFD /* Storyboards */,
			);
			name = View;
			sourceTree = "<group>";
		};
		70D6EDB21F0EF3DE005A8BFD /* Protocols */ = {
			isa = PBXGroup;
			children = (
				70ED71AD1F276553000A4AC2 /* CalculateMoveProtocol.swift */,
				701AF5611F109E8A00F15A50 /* EngineDelegate.swift */,
				701AF5621F109E8A00F15A50 /* PlayerDelegate.swift */,
			);
			name = Protocols;
			sourceTree = "<group>";
		};
		70D6EDB31F0EF3ED005A8BFD /* Resources */ = {
			isa = PBXGroup;
			children = (
				70D6EDB51F0EF450005A8BFD /* Fonts */,
				70D6EDB61F0EF45E005A8BFD /* SFX */,
			);
			name = Resources;
			sourceTree = "<group>";
		};
		70D6EDB41F0EF3F7005A8BFD /* Util */ = {
			isa = PBXGroup;
			children = (
				701AF5761F109FE400F15A50 /* Animations.swift */,
				701AF5771F109FE400F15A50 /* AudioPlayer.swift */,
				701AF5781F109FE400F15A50 /* Constants.swift */,
				701AF5791F109FE400F15A50 /* Enums.swift */,
				701AF57A1F109FE400F15A50 /* Errors.swift */,
				701AF57B1F109FE400F15A50 /* Extensions.swift */,
				70005D421F19B68000FB1DDF /* HeuristicWeights.swift */,
				701AF57C1F109FE400F15A50 /* Unowned.swift */,
			);
			name = Util;
			sourceTree = "<group>";
		};
		70D6EDB51F0EF450005A8BFD /* Fonts */ = {
			isa = PBXGroup;
			children = (
				701AF5731F109ED600F15A50 /* Lato-Bold.ttf */,
				701AF5741F109ED600F15A50 /* Lato-Light.ttf */,
				701AF5751F109ED600F15A50 /* Lato-Regular.ttf */,
			);
			name = Fonts;
			sourceTree = "<group>";
		};
		70D6EDB61F0EF45E005A8BFD /* SFX */ = {
			isa = PBXGroup;
			children = (
				701AF5691F109EA400F15A50 /* drag-start.wav */,
				701AF56A1F109EA400F15A50 /* drag-cancel.wav */,
				701AF56B1F109EA400F15A50 /* game-over.wav */,
				701AF5671F109EA400F15A50 /* lose-piece.wav */,
				701AF5681F109EA400F15A50 /* mill-formed.wav */,
				701AF5661F109EA400F15A50 /* place-piece.wav */,
				701AF5651F109EA400F15A50 /* start-game.wav */,
			);
			name = SFX;
			sourceTree = "<group>";
		};
		70D6EDB71F0EF474005A8BFD /* ModelViews */ = {
			isa = PBXGroup;
			children = (
				701AF5881F109FFD00F15A50 /* PlayerView.swift */,
				701AF5891F109FFD00F15A50 /* MillView.swift */,
				701AF58A1F109FFD00F15A50 /* NodeImageView.swift */,
			);
			name = ModelViews;
			sourceTree = "<group>";
		};
		70D6EDB81F0EF484005A8BFD /* CustomUI */ = {
			isa = PBXGroup;
			children = (
				701AF5841F109FF500F15A50 /* RoundedShadowView.swift */,
				701AF5851F109FF500F15A50 /* SkyBlueGradientView.swift */,
			);
			name = CustomUI;
			sourceTree = "<group>";
		};
		70D6EDB91F0EF490005A8BFD /* Storyboards */ = {
			isa = PBXGroup;
			children = (
				701AF58E1F10A5B700F15A50 /* LaunchScreen.storyboard */,
				701AF5901F10A5CA00F15A50 /* Main.storyboard */,
			);
			name = Storyboards;
			sourceTree = "<group>";
		};
/* End PBXGroup section */

/* Begin PBXNativeTarget section */
		70005D471F19FA0000FB1DDF /* FightyDotTests */ = {
			isa = PBXNativeTarget;
			buildConfigurationList = 70005D4F1F19FA0100FB1DDF /* Build configuration list for PBXNativeTarget "FightyDotTests" */;
			buildPhases = (
				78F1C884B6BEF60D159D31DF /* [CP] Check Pods Manifest.lock */,
				70005D441F19FA0000FB1DDF /* Sources */,
				70005D451F19FA0000FB1DDF /* Frameworks */,
				70005D461F19FA0000FB1DDF /* Resources */,
				9BAC7269F93471DF3B660A89 /* [CP] Embed Pods Frameworks */,
				997A2D094866C596D8E304D5 /* [CP] Copy Pods Resources */,
			);
			buildRules = (
			);
			dependencies = (
				70005D4E1F19FA0100FB1DDF /* PBXTargetDependency */,
			);
			name = FightyDotTests;
			productName = FightyDotTests;
			productReference = 70005D481F19FA0000FB1DDF /* FightyDotTests.xctest */;
			productType = "com.apple.product-type.bundle.unit-test";
		};
		70D6ED951F0EF106005A8BFD /* FightyDot */ = {
			isa = PBXNativeTarget;
			buildConfigurationList = 70D6EDAB1F0EF106005A8BFD /* Build configuration list for PBXNativeTarget "FightyDot" */;
			buildPhases = (
				29A34595C3589BD0CD9E055D /* [CP] Check Pods Manifest.lock */,
				70D6ED921F0EF106005A8BFD /* Sources */,
				70D6ED931F0EF106005A8BFD /* Frameworks */,
				70D6ED941F0EF106005A8BFD /* Resources */,
				27548C9F8B844F31C44A6F4D /* [CP] Embed Pods Frameworks */,
				68A0EB0CDDD37E4A50F3E158 /* [CP] Copy Pods Resources */,
			);
			buildRules = (
			);
			dependencies = (
			);
			name = FightyDot;
			productName = FightyDot;
			productReference = 70D6ED961F0EF106005A8BFD /* FightyDot.app */;
			productType = "com.apple.product-type.application";
		};
/* End PBXNativeTarget section */

/* Begin PBXProject section */
		70D6ED8E1F0EF106005A8BFD /* Project object */ = {
			isa = PBXProject;
			attributes = {
				LastSwiftUpdateCheck = 0830;
				LastUpgradeCheck = 0830;
				ORGANIZATIONNAME = "Graham McRobbie";
				TargetAttributes = {
					70005D471F19FA0000FB1DDF = {
						CreatedOnToolsVersion = 8.3.3;
						DevelopmentTeam = TK556R5872;
						ProvisioningStyle = Automatic;
						TestTargetID = 70D6ED951F0EF106005A8BFD;
					};
					70D6ED951F0EF106005A8BFD = {
						CreatedOnToolsVersion = 8.3.3;
						DevelopmentTeam = TK556R5872;
						ProvisioningStyle = Automatic;
					};
				};
			};
			buildConfigurationList = 70D6ED911F0EF106005A8BFD /* Build configuration list for PBXProject "FightyDot" */;
			compatibilityVersion = "Xcode 3.2";
			developmentRegion = English;
			hasScannedForEncodings = 0;
			knownRegions = (
				en,
				Base,
			);
			mainGroup = 70D6ED8D1F0EF106005A8BFD;
			productRefGroup = 70D6ED971F0EF106005A8BFD /* Products */;
			projectDirPath = "";
			projectRoot = "";
			targets = (
				70D6ED951F0EF106005A8BFD /* FightyDot */,
				70005D471F19FA0000FB1DDF /* FightyDotTests */,
			);
		};
/* End PBXProject section */

/* Begin PBXResourcesBuildPhase section */
		70005D461F19FA0000FB1DDF /* Resources */ = {
			isa = PBXResourcesBuildPhase;
			buildActionMask = 2147483647;
			files = (
			);
			runOnlyForDeploymentPostprocessing = 0;
		};
		70D6ED941F0EF106005A8BFD /* Resources */ = {
			isa = PBXResourcesBuildPhase;
			buildActionMask = 2147483647;
			files = (
				701AF5921F10A6C700F15A50 /* Lato-Bold.ttf in Resources */,
				701AF58F1F10A5B700F15A50 /* LaunchScreen.storyboard in Resources */,
				701AF5911F10A5CA00F15A50 /* Main.storyboard in Resources */,
				701AF5931F10A6C900F15A50 /* Lato-Light.ttf in Resources */,
				701AF56E1F109EA400F15A50 /* lose-piece.wav in Resources */,
				701AF5721F109EA400F15A50 /* game-over.wav in Resources */,
				701AF56D1F109EA400F15A50 /* place-piece.wav in Resources */,
				701AF5701F109EA400F15A50 /* drag-start.wav in Resources */,
				70D6EDA41F0EF106005A8BFD /* Assets.xcassets in Resources */,
				701AF5711F109EA400F15A50 /* drag-cancel.wav in Resources */,
				701AF5941F10A6CC00F15A50 /* Lato-Regular.ttf in Resources */,
				701AF56C1F109EA400F15A50 /* start-game.wav in Resources */,
				701AF56F1F109EA400F15A50 /* mill-formed.wav in Resources */,
				701AF5961F10AD3B00F15A50 /* GoogleService-Info.plist in Resources */,
			);
			runOnlyForDeploymentPostprocessing = 0;
		};
/* End PBXResourcesBuildPhase section */

/* Begin PBXShellScriptBuildPhase section */
		27548C9F8B844F31C44A6F4D /* [CP] Embed Pods Frameworks */ = {
			isa = PBXShellScriptBuildPhase;
			buildActionMask = 2147483647;
			files = (
			);
			inputPaths = (
			);
			name = "[CP] Embed Pods Frameworks";
			outputPaths = (
			);
			runOnlyForDeploymentPostprocessing = 0;
			shellPath = /bin/sh;
			shellScript = "\"${SRCROOT}/Pods/Target Support Files/Pods-FightyDot/Pods-FightyDot-frameworks.sh\"\n";
			showEnvVarsInLog = 0;
		};
		29A34595C3589BD0CD9E055D /* [CP] Check Pods Manifest.lock */ = {
			isa = PBXShellScriptBuildPhase;
			buildActionMask = 2147483647;
			files = (
			);
			inputPaths = (
			);
			name = "[CP] Check Pods Manifest.lock";
			outputPaths = (
			);
			runOnlyForDeploymentPostprocessing = 0;
			shellPath = /bin/sh;
			shellScript = "diff \"${PODS_PODFILE_DIR_PATH}/Podfile.lock\" \"${PODS_ROOT}/Manifest.lock\" > /dev/null\nif [ $? != 0 ] ; then\n    # print error to STDERR\n    echo \"error: The sandbox is not in sync with the Podfile.lock. Run 'pod install' or update your CocoaPods installation.\" >&2\n    exit 1\nfi\n";
			showEnvVarsInLog = 0;
		};
		68A0EB0CDDD37E4A50F3E158 /* [CP] Copy Pods Resources */ = {
			isa = PBXShellScriptBuildPhase;
			buildActionMask = 2147483647;
			files = (
			);
			inputPaths = (
			);
			name = "[CP] Copy Pods Resources";
			outputPaths = (
			);
			runOnlyForDeploymentPostprocessing = 0;
			shellPath = /bin/sh;
			shellScript = "\"${SRCROOT}/Pods/Target Support Files/Pods-FightyDot/Pods-FightyDot-resources.sh\"\n";
			showEnvVarsInLog = 0;
		};
		78F1C884B6BEF60D159D31DF /* [CP] Check Pods Manifest.lock */ = {
			isa = PBXShellScriptBuildPhase;
			buildActionMask = 2147483647;
			files = (
			);
			inputPaths = (
			);
			name = "[CP] Check Pods Manifest.lock";
			outputPaths = (
			);
			runOnlyForDeploymentPostprocessing = 0;
			shellPath = /bin/sh;
			shellScript = "diff \"${PODS_PODFILE_DIR_PATH}/Podfile.lock\" \"${PODS_ROOT}/Manifest.lock\" > /dev/null\nif [ $? != 0 ] ; then\n    # print error to STDERR\n    echo \"error: The sandbox is not in sync with the Podfile.lock. Run 'pod install' or update your CocoaPods installation.\" >&2\n    exit 1\nfi\n";
			showEnvVarsInLog = 0;
		};
		997A2D094866C596D8E304D5 /* [CP] Copy Pods Resources */ = {
			isa = PBXShellScriptBuildPhase;
			buildActionMask = 2147483647;
			files = (
			);
			inputPaths = (
			);
			name = "[CP] Copy Pods Resources";
			outputPaths = (
			);
			runOnlyForDeploymentPostprocessing = 0;
			shellPath = /bin/sh;
			shellScript = "\"${SRCROOT}/Pods/Target Support Files/Pods-FightyDotTests/Pods-FightyDotTests-resources.sh\"\n";
			showEnvVarsInLog = 0;
		};
		9BAC7269F93471DF3B660A89 /* [CP] Embed Pods Frameworks */ = {
			isa = PBXShellScriptBuildPhase;
			buildActionMask = 2147483647;
			files = (
			);
			inputPaths = (
			);
			name = "[CP] Embed Pods Frameworks";
			outputPaths = (
			);
			runOnlyForDeploymentPostprocessing = 0;
			shellPath = /bin/sh;
			shellScript = "\"${SRCROOT}/Pods/Target Support Files/Pods-FightyDotTests/Pods-FightyDotTests-frameworks.sh\"\n";
			showEnvVarsInLog = 0;
		};
/* End PBXShellScriptBuildPhase section */

/* Begin PBXSourcesBuildPhase section */
		70005D441F19FA0000FB1DDF /* Sources */ = {
			isa = PBXSourcesBuildPhase;
			buildActionMask = 2147483647;
			files = (
				70005D531F1A064B00FB1DDF /* BoardTests.swift in Sources */,
				70005D4B1F19FA0100FB1DDF /* PlayerTests.swift in Sources */,
				70DE08A21F23208100DC3ABE /* GameSnapshotTests.swift in Sources */,
			);
			runOnlyForDeploymentPostprocessing = 0;
		};
		70D6ED921F0EF106005A8BFD /* Sources */ = {
			isa = PBXSourcesBuildPhase;
			buildActionMask = 2147483647;
			files = (
				701AF57F1F109FE400F15A50 /* Constants.swift in Sources */,
				701AF5511F109E6300F15A50 /* AlertVC.swift in Sources */,
				701AF58B1F109FFD00F15A50 /* PlayerView.swift in Sources */,
				70D6ED9A1F0EF106005A8BFD /* AppDelegate.swift in Sources */,
				701AF5601F109E8000F15A50 /* AIPlayer.swift in Sources */,
				701AF55E1F109E8000F15A50 /* Node.swift in Sources */,
				70ED71AE1F276553000A4AC2 /* CalculateMoveProtocol.swift in Sources */,
				703368F71F26134D00F23DDD /* ScoredMove.swift in Sources */,
				701AF58C1F109FFD00F15A50 /* MillView.swift in Sources */,
				701AF55F1F109E8000F15A50 /* Player.swift in Sources */,
				70005D431F19B68000FB1DDF /* HeuristicWeights.swift in Sources */,
				701AF5871F109FF500F15A50 /* SkyBlueGradientView.swift in Sources */,
				701AF5811F109FE400F15A50 /* Errors.swift in Sources */,
				70680B1D1F1645440078342B /* Move.swift in Sources */,
				701AF5631F109E8A00F15A50 /* EngineDelegate.swift in Sources */,
				701AF58D1F109FFD00F15A50 /* NodeImageView.swift in Sources */,
				701AF5531F109E6300F15A50 /* HelpVC.swift in Sources */,
				701AF5641F109E8A00F15A50 /* PlayerDelegate.swift in Sources */,
				701AF5831F109FE400F15A50 /* Unowned.swift in Sources */,
				70CD2EF11F14F1ED00F7B14E /* GameSnapshot.swift in Sources */,
				701AF5541F109E6300F15A50 /* MainTabBarVC.swift in Sources */,
				701AF5561F109E7200F15A50 /* Engine.swift in Sources */,
				701AF57E1F109FE400F15A50 /* AudioPlayer.swift in Sources */,
				701AF57D1F109FE400F15A50 /* Animations.swift in Sources */,
				701AF5821F109FE400F15A50 /* Extensions.swift in Sources */,
				701AF5521F109E6300F15A50 /* GameVC.swift in Sources */,
				708056D11F247FFC0016A3C5 /* MiniMax.swift in Sources */,
				701AF55C1F109E8000F15A50 /* Board.swift in Sources */,
				701AF5801F109FE400F15A50 /* Enums.swift in Sources */,
				701AF5861F109FF500F15A50 /* RoundedShadowView.swift in Sources */,
				701AF55D1F109E8000F15A50 /* Mill.swift in Sources */,
				709E155C1F2A17E500501176 /* TreeNode.swift in Sources */,
			);
			runOnlyForDeploymentPostprocessing = 0;
		};
/* End PBXSourcesBuildPhase section */

/* Begin PBXTargetDependency section */
		70005D4E1F19FA0100FB1DDF /* PBXTargetDependency */ = {
			isa = PBXTargetDependency;
			target = 70D6ED951F0EF106005A8BFD /* FightyDot */;
			targetProxy = 70005D4D1F19FA0100FB1DDF /* PBXContainerItemProxy */;
		};
/* End PBXTargetDependency section */

/* Begin XCBuildConfiguration section */
		70005D501F19FA0100FB1DDF /* Debug */ = {
			isa = XCBuildConfiguration;
			baseConfigurationReference = FD16A49FE8626887A0B2E8ED /* Pods-FightyDotTests.debug.xcconfig */;
			buildSettings = {
				BUNDLE_LOADER = "$(TEST_HOST)";
				DEVELOPMENT_TEAM = TK556R5872;
				INFOPLIST_FILE = FightyDotTests/Info.plist;
				LD_RUNPATH_SEARCH_PATHS = "$(inherited) @executable_path/Frameworks @loader_path/Frameworks";
				PRODUCT_BUNDLE_IDENTIFIER = com.pekoto.FightyDotTests;
				PRODUCT_NAME = "$(TARGET_NAME)";
				SWIFT_VERSION = 3.0;
				TEST_HOST = "$(BUILT_PRODUCTS_DIR)/FightyDot.app/FightyDot";
			};
			name = Debug;
		};
		70005D511F19FA0100FB1DDF /* Release */ = {
			isa = XCBuildConfiguration;
			baseConfigurationReference = 31B57204E1D9191E48E28947 /* Pods-FightyDotTests.release.xcconfig */;
			buildSettings = {
				BUNDLE_LOADER = "$(TEST_HOST)";
				DEVELOPMENT_TEAM = TK556R5872;
				INFOPLIST_FILE = FightyDotTests/Info.plist;
				LD_RUNPATH_SEARCH_PATHS = "$(inherited) @executable_path/Frameworks @loader_path/Frameworks";
				PRODUCT_BUNDLE_IDENTIFIER = com.pekoto.FightyDotTests;
				PRODUCT_NAME = "$(TARGET_NAME)";
				SWIFT_VERSION = 3.0;
				TEST_HOST = "$(BUILT_PRODUCTS_DIR)/FightyDot.app/FightyDot";
			};
			name = Release;
		};
		70D6EDA91F0EF106005A8BFD /* Debug */ = {
			isa = XCBuildConfiguration;
			buildSettings = {
				ALWAYS_SEARCH_USER_PATHS = NO;
				CLANG_ANALYZER_NONNULL = YES;
				CLANG_ANALYZER_NUMBER_OBJECT_CONVERSION = YES_AGGRESSIVE;
				CLANG_CXX_LANGUAGE_STANDARD = "gnu++0x";
				CLANG_CXX_LIBRARY = "libc++";
				CLANG_ENABLE_MODULES = YES;
				CLANG_ENABLE_OBJC_ARC = YES;
				CLANG_WARN_BOOL_CONVERSION = YES;
				CLANG_WARN_CONSTANT_CONVERSION = YES;
				CLANG_WARN_DIRECT_OBJC_ISA_USAGE = YES_ERROR;
				CLANG_WARN_DOCUMENTATION_COMMENTS = YES;
				CLANG_WARN_EMPTY_BODY = YES;
				CLANG_WARN_ENUM_CONVERSION = YES;
				CLANG_WARN_INFINITE_RECURSION = YES;
				CLANG_WARN_INT_CONVERSION = YES;
				CLANG_WARN_OBJC_ROOT_CLASS = YES_ERROR;
				CLANG_WARN_SUSPICIOUS_MOVE = YES;
				CLANG_WARN_UNREACHABLE_CODE = YES;
				CLANG_WARN__DUPLICATE_METHOD_MATCH = YES;
				"CODE_SIGN_IDENTITY[sdk=iphoneos*]" = "iPhone Developer";
				COPY_PHASE_STRIP = NO;
				DEBUG_ACTIVITY_MODE = "";
				"DEBUG_ACTIVITY_MODE[sdk=iphonesimulator*]" = disable;
				DEBUG_INFORMATION_FORMAT = dwarf;
				ENABLE_STRICT_OBJC_MSGSEND = YES;
				ENABLE_TESTABILITY = YES;
				GCC_C_LANGUAGE_STANDARD = gnu99;
				GCC_DYNAMIC_NO_PIC = NO;
				GCC_NO_COMMON_BLOCKS = YES;
				GCC_OPTIMIZATION_LEVEL = 0;
				GCC_PREPROCESSOR_DEFINITIONS = (
					"DEBUG=1",
					"$(inherited)",
				);
				GCC_WARN_64_TO_32_BIT_CONVERSION = YES;
				GCC_WARN_ABOUT_RETURN_TYPE = YES_ERROR;
				GCC_WARN_UNDECLARED_SELECTOR = YES;
				GCC_WARN_UNINITIALIZED_AUTOS = YES_AGGRESSIVE;
				GCC_WARN_UNUSED_FUNCTION = YES;
				GCC_WARN_UNUSED_VARIABLE = YES;
				IPHONEOS_DEPLOYMENT_TARGET = 10.3;
				MTL_ENABLE_DEBUG_INFO = YES;
				ONLY_ACTIVE_ARCH = YES;
				SDKROOT = iphoneos;
				SWIFT_ACTIVE_COMPILATION_CONDITIONS = DEBUG;
				SWIFT_OPTIMIZATION_LEVEL = "-Onone";
				TARGETED_DEVICE_FAMILY = "1,2";
			};
			name = Debug;
		};
		70D6EDAA1F0EF106005A8BFD /* Release */ = {
			isa = XCBuildConfiguration;
			buildSettings = {
				ALWAYS_SEARCH_USER_PATHS = NO;
				CLANG_ANALYZER_NONNULL = YES;
				CLANG_ANALYZER_NUMBER_OBJECT_CONVERSION = YES_AGGRESSIVE;
				CLANG_CXX_LANGUAGE_STANDARD = "gnu++0x";
				CLANG_CXX_LIBRARY = "libc++";
				CLANG_ENABLE_MODULES = YES;
				CLANG_ENABLE_OBJC_ARC = YES;
				CLANG_WARN_BOOL_CONVERSION = YES;
				CLANG_WARN_CONSTANT_CONVERSION = YES;
				CLANG_WARN_DIRECT_OBJC_ISA_USAGE = YES_ERROR;
				CLANG_WARN_DOCUMENTATION_COMMENTS = YES;
				CLANG_WARN_EMPTY_BODY = YES;
				CLANG_WARN_ENUM_CONVERSION = YES;
				CLANG_WARN_INFINITE_RECURSION = YES;
				CLANG_WARN_INT_CONVERSION = YES;
				CLANG_WARN_OBJC_ROOT_CLASS = YES_ERROR;
				CLANG_WARN_SUSPICIOUS_MOVE = YES;
				CLANG_WARN_UNREACHABLE_CODE = YES;
				CLANG_WARN__DUPLICATE_METHOD_MATCH = YES;
				"CODE_SIGN_IDENTITY[sdk=iphoneos*]" = "iPhone Developer";
				COPY_PHASE_STRIP = NO;
				DEBUG_ACTIVITY_MODE = "";
				DEBUG_INFORMATION_FORMAT = "dwarf-with-dsym";
				ENABLE_NS_ASSERTIONS = NO;
				ENABLE_STRICT_OBJC_MSGSEND = YES;
				GCC_C_LANGUAGE_STANDARD = gnu99;
				GCC_NO_COMMON_BLOCKS = YES;
				GCC_WARN_64_TO_32_BIT_CONVERSION = YES;
				GCC_WARN_ABOUT_RETURN_TYPE = YES_ERROR;
				GCC_WARN_UNDECLARED_SELECTOR = YES;
				GCC_WARN_UNINITIALIZED_AUTOS = YES_AGGRESSIVE;
				GCC_WARN_UNUSED_FUNCTION = YES;
				GCC_WARN_UNUSED_VARIABLE = YES;
				IPHONEOS_DEPLOYMENT_TARGET = 10.3;
				MTL_ENABLE_DEBUG_INFO = NO;
				SDKROOT = iphoneos;
				SWIFT_OPTIMIZATION_LEVEL = "-Owholemodule";
				TARGETED_DEVICE_FAMILY = "1,2";
				VALIDATE_PRODUCT = YES;
			};
			name = Release;
		};
		70D6EDAC1F0EF106005A8BFD /* Debug */ = {
			isa = XCBuildConfiguration;
			baseConfigurationReference = 84518D9BFFDEB5CB9387AA03 /* Pods-FightyDot.debug.xcconfig */;
			buildSettings = {
				ASSETCATALOG_COMPILER_APPICON_NAME = AppIcon;
				DEVELOPMENT_TEAM = TK556R5872;
				INFOPLIST_FILE = FightyDot/Info.plist;
				LD_RUNPATH_SEARCH_PATHS = "$(inherited) @executable_path/Frameworks";
				PRODUCT_BUNDLE_IDENTIFIER = com.pekoto.FightyDot;
				PRODUCT_NAME = "$(TARGET_NAME)";
				SWIFT_VERSION = 3.0;
			};
			name = Debug;
		};
		70D6EDAD1F0EF106005A8BFD /* Release */ = {
			isa = XCBuildConfiguration;
			baseConfigurationReference = B648CD8975C30B139822B58E /* Pods-FightyDot.release.xcconfig */;
			buildSettings = {
				ASSETCATALOG_COMPILER_APPICON_NAME = AppIcon;
				DEVELOPMENT_TEAM = TK556R5872;
				INFOPLIST_FILE = FightyDot/Info.plist;
				LD_RUNPATH_SEARCH_PATHS = "$(inherited) @executable_path/Frameworks";
				PRODUCT_BUNDLE_IDENTIFIER = com.pekoto.FightyDot;
				PRODUCT_NAME = "$(TARGET_NAME)";
				SWIFT_VERSION = 3.0;
			};
			name = Release;
		};
/* End XCBuildConfiguration section */

/* Begin XCConfigurationList section */
		70005D4F1F19FA0100FB1DDF /* Build configuration list for PBXNativeTarget "FightyDotTests" */ = {
			isa = XCConfigurationList;
			buildConfigurations = (
				70005D501F19FA0100FB1DDF /* Debug */,
				70005D511F19FA0100FB1DDF /* Release */,
			);
			defaultConfigurationIsVisible = 0;
			defaultConfigurationName = Release;
		};
		70D6ED911F0EF106005A8BFD /* Build configuration list for PBXProject "FightyDot" */ = {
			isa = XCConfigurationList;
			buildConfigurations = (
				70D6EDA91F0EF106005A8BFD /* Debug */,
				70D6EDAA1F0EF106005A8BFD /* Release */,
			);
			defaultConfigurationIsVisible = 0;
			defaultConfigurationName = Release;
		};
		70D6EDAB1F0EF106005A8BFD /* Build configuration list for PBXNativeTarget "FightyDot" */ = {
			isa = XCConfigurationList;
			buildConfigurations = (
				70D6EDAC1F0EF106005A8BFD /* Debug */,
				70D6EDAD1F0EF106005A8BFD /* Release */,
			);
			defaultConfigurationIsVisible = 0;
			defaultConfigurationName = Release;
		};
/* End XCConfigurationList section */
	};
	rootObject = 70D6ED8E1F0EF106005A8BFD /* Project object */;
}
